
Microsoft Visual Studio Solution File, Format Version 12.00
# Visual Studio 15
VisualStudioVersion = 15.0.28010.2041
MinimumVisualStudioVersion = 10.0.40219.1
Project("{FAE04EC0-301F-11D3-BF4B-00C04F79EFBC}") = "ContactsAppUI", "ContactsAppUI\ContactsAppUI.csproj", "{D243FF29-EFDB-4CC7-A10C-833BF50B71DA}"
EndProject
Project("{FAE04EC0-301F-11D3-BF4B-00C04F79EFBC}") = "ContactsApp", "..\ContactsApp\ContactsApp\ContactsApp.csproj", "{7BA02C29-3684-4AC6-988F-F40BFF95F220}"
EndProject
Global
	GlobalSection(SolutionConfigurationPlatforms) = preSolution
		Debug|Any CPU = Debug|Any CPU
		Release|Any CPU = Release|Any CPU
	EndGlobalSection
	GlobalSection(ProjectConfigurationPlatforms) = postSolution
		{D243FF29-EFDB-4CC7-A10C-833BF50B71DA}.Debug|Any CPU.ActiveCfg = Debug|Any CPU
		{D243FF29-EFDB-4CC7-A10C-833BF50B71DA}.Debug|Any CPU.Build.0 = Debug|Any CPU
		{D243FF29-EFDB-4CC7-A10C-833BF50B71DA}.Release|Any CPU.ActiveCfg = Release|Any CPU
		{D243FF29-EFDB-4CC7-A10C-833BF50B71DA}.Release|Any CPU.Build.0 = Release|Any CPU
		{7BA02C29-3684-4AC6-988F-F40BFF95F220}.Debug|Any CPU.ActiveCfg = Debug|Any CPU
		{7BA02C29-3684-4AC6-988F-F40BFF95F220}.Debug|Any CPU.Build.0 = Debug|Any CPU
		{7BA02C29-3684-4AC6-988F-F40BFF95F220}.Release|Any CPU.ActiveCfg = Release|Any CPU
		{7BA02C29-3684-4AC6-988F-F40BFF95F220}.Release|Any CPU.Build.0 = Release|Any CPU
	EndGlobalSection
	GlobalSection(SolutionProperties) = preSolution
		HideSolutionNode = FALSE
	EndGlobalSection
	GlobalSection(ExtensibilityGlobals) = postSolution
		SolutionGuid = {783D9BEF-5C81-43D8-8C4A-2A96A5FE3A49}
	EndGlobalSection
EndGlobal
